// !$*UTF8*$!
{
	archiveVersion = 1;
	classes = {
	};
	objectVersion = 55;
	objects = {

/* Begin PBXBuildFile section */
		66745C54284111C500D5651F /* CustomNavigationApp.swift in Sources */ = {isa = PBXBuildFile; fileRef = 66745C44284111C300D5651F /* CustomNavigationApp.swift */; };
		66745C55284111C500D5651F /* CustomNavigationApp.swift in Sources */ = {isa = PBXBuildFile; fileRef = 66745C44284111C300D5651F /* CustomNavigationApp.swift */; };
		66745C56284111C500D5651F /* ContentView.swift in Sources */ = {isa = PBXBuildFile; fileRef = 66745C45284111C300D5651F /* ContentView.swift */; };
		66745C57284111C500D5651F /* ContentView.swift in Sources */ = {isa = PBXBuildFile; fileRef = 66745C45284111C300D5651F /* ContentView.swift */; };
		66745C58284111C500D5651F /* Assets.xcassets in Resources */ = {isa = PBXBuildFile; fileRef = 66745C46284111C400D5651F /* Assets.xcassets */; };
		66745C59284111C500D5651F /* Assets.xcassets in Resources */ = {isa = PBXBuildFile; fileRef = 66745C46284111C400D5651F /* Assets.xcassets */; };
		66745C642841120500D5651F /* CustomNavBarContainerView.swift in Sources */ = {isa = PBXBuildFile; fileRef = 66745C632841120500D5651F /* CustomNavBarContainerView.swift */; };
		66745C662841122F00D5651F /* CustomNavBarPreference.swift in Sources */ = {isa = PBXBuildFile; fileRef = 66745C652841122F00D5651F /* CustomNavBarPreference.swift */; };
		66745C682841124600D5651F /* CustomNavBarView.swift in Sources */ = {isa = PBXBuildFile; fileRef = 66745C672841124600D5651F /* CustomNavBarView.swift */; };
		66745C6A2841126400D5651F /* CustomNavLink.swift in Sources */ = {isa = PBXBuildFile; fileRef = 66745C692841126400D5651F /* CustomNavLink.swift */; };
		66745C6C2841127700D5651F /* CustomNavView.swift in Sources */ = {isa = PBXBuildFile; fileRef = 66745C6B2841127700D5651F /* CustomNavView.swift */; };
/* End PBXBuildFile section */

/* Begin PBXFileReference section */
		66745C44284111C300D5651F /* CustomNavigationApp.swift */ = {isa = PBXFileReference; lastKnownFileType = sourcecode.swift; path = CustomNavigationApp.swift; sourceTree = "<group>"; };
		66745C45284111C300D5651F /* ContentView.swift */ = {isa = PBXFileReference; lastKnownFileType = sourcecode.swift; path = ContentView.swift; sourceTree = "<group>"; };
		66745C46284111C400D5651F /* Assets.xcassets */ = {isa = PBXFileReference; lastKnownFileType = folder.assetcatalog; path = Assets.xcassets; sourceTree = "<group>"; };
		66745C4B284111C400D5651F /* CustomNavigation.app */ = {isa = PBXFileReference; explicitFileType = wrapper.application; includeInIndex = 0; path = CustomNavigation.app; sourceTree = BUILT_PRODUCTS_DIR; };
		66745C51284111C500D5651F /* CustomNavigation.app */ = {isa = PBXFileReference; explicitFileType = wrapper.application; includeInIndex = 0; path = CustomNavigation.app; sourceTree = BUILT_PRODUCTS_DIR; };
		66745C53284111C500D5651F /* macOS.entitlements */ = {isa = PBXFileReference; lastKnownFileType = text.plist.entitlements; path = macOS.entitlements; sourceTree = "<group>"; };
		66745C632841120500D5651F /* CustomNavBarContainerView.swift */ = {isa = PBXFileReference; lastKnownFileType = sourcecode.swift; path = CustomNavBarContainerView.swift; sourceTree = "<group>"; };
		66745C652841122F00D5651F /* CustomNavBarPreference.swift */ = {isa = PBXFileReference; lastKnownFileType = sourcecode.swift; path = CustomNavBarPreference.swift; sourceTree = "<group>"; };
		66745C672841124600D5651F /* CustomNavBarView.swift */ = {isa = PBXFileReference; lastKnownFileType = sourcecode.swift; path = CustomNavBarView.swift; sourceTree = "<group>"; };
		66745C692841126400D5651F /* CustomNavLink.swift */ = {isa = PBXFileReference; lastKnownFileType = sourcecode.swift; path = CustomNavLink.swift; sourceTree = "<group>"; };
		66745C6B2841127700D5651F /* CustomNavView.swift */ = {isa = PBXFileReference; lastKnownFileType = sourcecode.swift; path = CustomNavView.swift; sourceTree = "<group>"; };
/* End PBXFileReference section */

/* Begin PBXFrameworksBuildPhase section */
		66745C48284111C400D5651F /* Frameworks */ = {
			isa = PBXFrameworksBuildPhase;
			buildActionMask = 2147483647;
			files = (
			);
			runOnlyForDeploymentPostprocessing = 0;
		};
		66745C4E284111C500D5651F /* Frameworks */ = {
			isa = PBXFrameworksBuildPhase;
			buildActionMask = 2147483647;
			files = (
			);
			runOnlyForDeploymentPostprocessing = 0;
		};
/* End PBXFrameworksBuildPhase section */

/* Begin PBXGroup section */
		66745C3E284111C300D5651F = {
			isa = PBXGroup;
			children = (
				66745C43284111C300D5651F /* Shared */,
				66745C52284111C500D5651F /* macOS */,
				66745C4C284111C400D5651F /* Products */,
			);
			sourceTree = "<group>";
		};
		66745C43284111C300D5651F /* Shared */ = {
			isa = PBXGroup;
			children = (
				66745C62284111DB00D5651F /* CustomNavBar */,
				66745C44284111C300D5651F /* CustomNavigationApp.swift */,
				66745C45284111C300D5651F /* ContentView.swift */,
				66745C46284111C400D5651F /* Assets.xcassets */,
			);
			path = Shared;
			sourceTree = "<group>";
		};
		66745C4C284111C400D5651F /* Products */ = {
			isa = PBXGroup;
			children = (
				66745C4B284111C400D5651F /* CustomNavigation.app */,
				66745C51284111C500D5651F /* CustomNavigation.app */,
			);
			name = Products;
			sourceTree = "<group>";
		};
		66745C52284111C500D5651F /* macOS */ = {
			isa = PBXGroup;
			children = (
				66745C53284111C500D5651F /* macOS.entitlements */,
			);
			path = macOS;
			sourceTree = "<group>";
		};
		66745C62284111DB00D5651F /* CustomNavBar */ = {
			isa = PBXGroup;
			children = (
				66745C632841120500D5651F /* CustomNavBarContainerView.swift */,
				66745C652841122F00D5651F /* CustomNavBarPreference.swift */,
				66745C672841124600D5651F /* CustomNavBarView.swift */,
				66745C692841126400D5651F /* CustomNavLink.swift */,
				66745C6B2841127700D5651F /* CustomNavView.swift */,
			);
			path = CustomNavBar;
			sourceTree = "<group>";
		};
/* End PBXGroup section */

/* Begin PBXNativeTarget section */
		66745C4A284111C400D5651F /* CustomNavigation (iOS) */ = {
			isa = PBXNativeTarget;
			buildConfigurationList = 66745C5C284111C500D5651F /* Build configuration list for PBXNativeTarget "CustomNavigation (iOS)" */;
			buildPhases = (
				66745C47284111C400D5651F /* Sources */,
				66745C48284111C400D5651F /* Frameworks */,
				66745C49284111C400D5651F /* Resources */,
			);
			buildRules = (
			);
			dependencies = (
			);
			name = "CustomNavigation (iOS)";
			productName = "CustomNavigation (iOS)";
			productReference = 66745C4B284111C400D5651F /* CustomNavigation.app */;
			productType = "com.apple.product-type.application";
		};
		66745C50284111C500D5651F /* CustomNavigation (macOS) */ = {
			isa = PBXNativeTarget;
			buildConfigurationList = 66745C5F284111C500D5651F /* Build configuration list for PBXNativeTarget "CustomNavigation (macOS)" */;
			buildPhases = (
				66745C4D284111C500D5651F /* Sources */,
				66745C4E284111C500D5651F /* Frameworks */,
				66745C4F284111C500D5651F /* Resources */,
			);
			buildRules = (
			);
			dependencies = (
			);
			name = "CustomNavigation (macOS)";
			productName = "CustomNavigation (macOS)";
			productReference = 66745C51284111C500D5651F /* CustomNavigation.app */;
			productType = "com.apple.product-type.application";
		};
/* End PBXNativeTarget section */

/* Begin PBXProject section */
		66745C3F284111C300D5651F /* Project object */ = {
			isa = PBXProject;
			attributes = {
				BuildIndependentTargetsInParallel = 1;
				LastSwiftUpdateCheck = 1340;
				LastUpgradeCheck = 1340;
				TargetAttributes = {
					66745C4A284111C400D5651F = {
						CreatedOnToolsVersion = 13.4;
					};
					66745C50284111C500D5651F = {
						CreatedOnToolsVersion = 13.4;
					};
				};
			};
			buildConfigurationList = 66745C42284111C300D5651F /* Build configuration list for PBXProject "CustomNavigation" */;
			compatibilityVersion = "Xcode 13.0";
			developmentRegion = en;
			hasScannedForEncodings = 0;
			knownRegions = (
				en,
				Base,
			);
			mainGroup = 66745C3E284111C300D5651F;
			productRefGroup = 66745C4C284111C400D5651F /* Products */;
			projectDirPath = "";
			projectRoot = "";
			targets = (
				66745C4A284111C400D5651F /* CustomNavigation (iOS) */,
				66745C50284111C500D5651F /* CustomNavigation (macOS) */,
			);
		};
/* End PBXProject section */

/* Begin PBXResourcesBuildPhase section */
		66745C49284111C400D5651F /* Resources */ = {
			isa = PBXResourcesBuildPhase;
			buildActionMask = 2147483647;
			files = (
				66745C58284111C500D5651F /* Assets.xcassets in Resources */,
			);
			runOnlyForDeploymentPostprocessing = 0;
		};
		66745C4F284111C500D5651F /* Resources */ = {
			isa = PBXResourcesBuildPhase;
			buildActionMask = 2147483647;
			files = (
				66745C59284111C500D5651F /* Assets.xcassets in Resources */,
			);
			runOnlyForDeploymentPostprocessing = 0;
		};
/* End PBXResourcesBuildPhase section */

/* Begin PBXSourcesBuildPhase section */
		66745C47284111C400D5651F /* Sources */ = {
			isa = PBXSourcesBuildPhase;
			buildActionMask = 2147483647;
			files = (
				66745C56284111C500D5651F /* ContentView.swift in Sources */,
				66745C54284111C500D5651F /* CustomNavigationApp.swift in Sources */,
				66745C642841120500D5651F /* CustomNavBarContainerView.swift in Sources */,
				66745C662841122F00D5651F /* CustomNavBarPreference.swift in Sources */,
				66745C6A2841126400D5651F /* CustomNavLink.swift in Sources */,
				66745C682841124600D5651F /* CustomNavBarView.swift in Sources */,
				66745C6C2841127700D5651F /* CustomNavView.swift in Sources */,
			);
			runOnlyForDeploymentPostprocessing = 0;
		};
		66745C4D284111C500D5651F /* Sources */ = {
			isa = PBXSourcesBuildPhase;
			buildActionMask = 2147483647;
			files = (
				66745C57284111C500D5651F /* ContentView.swift in Sources */,
				66745C55284111C500D5651F /* CustomNavigationApp.swift in Sources */,
			);
			runOnlyForDeploymentPostprocessing = 0;
		};
/* End PBXSourcesBuildPhase section */

/* Begin XCBuildConfiguration section */
		66745C5A284111C500D5651F /* Debug */ = {
			isa = XCBuildConfiguration;
			buildSettings = {
				ALWAYS_SEARCH_USER_PATHS = NO;
				CLANG_ANALYZER_NONNULL = YES;
				CLANG_ANALYZER_NUMBER_OBJECT_CONVERSION = YES_AGGRESSIVE;
				CLANG_CXX_LANGUAGE_STANDARD = "gnu++17";
				CLANG_ENABLE_MODULES = YES;
				CLANG_ENABLE_OBJC_ARC = YES;
				CLANG_ENABLE_OBJC_WEAK = YES;
				CLANG_WARN_BLOCK_CAPTURE_AUTORELEASING = YES;
				CLANG_WARN_BOOL_CONVERSION = YES;
				CLANG_WARN_COMMA = YES;
				CLANG_WARN_CONSTANT_CONVERSION = YES;
				CLANG_WARN_DEPRECATED_OBJC_IMPLEMENTATIONS = YES;
				CLANG_WARN_DIRECT_OBJC_ISA_USAGE = YES_ERROR;
				CLANG_WARN_DOCUMENTATION_COMMENTS = YES;
				CLANG_WARN_EMPTY_BODY = YES;
				CLANG_WARN_ENUM_CONVERSION = YES;
				CLANG_WARN_INFINITE_RECURSION = YES;
				CLANG_WARN_INT_CONVERSION = YES;
				CLANG_WARN_NON_LITERAL_NULL_CONVERSION = YES;
				CLANG_WARN_OBJC_IMPLICIT_RETAIN_SELF = YES;
				CLANG_WARN_OBJC_LITERAL_CONVERSION = YES;
				CLANG_WARN_OBJC_ROOT_CLASS = YES_ERROR;
				CLANG_WARN_QUOTED_INCLUDE_IN_FRAMEWORK_HEADER = YES;
				CLANG_WARN_RANGE_LOOP_ANALYSIS = YES;
				CLANG_WARN_STRICT_PROTOTYPES = YES;
				CLANG_WARN_SUSPICIOUS_MOVE = YES;
				CLANG_WARN_UNGUARDED_AVAILABILITY = YES_AGGRESSIVE;
				CLANG_WARN_UNREACHABLE_CODE = YES;
				CLANG_WARN__DUPLICATE_METHOD_MATCH = YES;
				COPY_PHASE_STRIP = NO;
				DEBUG_INFORMATION_FORMAT = dwarf;
				ENABLE_STRICT_OBJC_MSGSEND = YES;
				ENABLE_TESTABILITY = YES;
				GCC_C_LANGUAGE_STANDARD = gnu11;
				GCC_DYNAMIC_NO_PIC = NO;
				GCC_NO_COMMON_BLOCKS = YES;
				GCC_OPTIMIZATION_LEVEL = 0;
				GCC_PREPROCESSOR_DEFINITIONS = (
					"DEBUG=1",
					"$(inherited)",
				);
				GCC_WARN_64_TO_32_BIT_CONVERSION = YES;
				GCC_WARN_ABOUT_RETURN_TYPE = YES_ERROR;
				GCC_WARN_UNDECLARED_SELECTOR = YES;
				GCC_WARN_UNINITIALIZED_AUTOS = YES_AGGRESSIVE;
				GCC_WARN_UNUSED_FUNCTION = YES;
				GCC_WARN_UNUSED_VARIABLE = YES;
				MTL_ENABLE_DEBUG_INFO = INCLUDE_SOURCE;
				MTL_FAST_MATH = YES;
				ONLY_ACTIVE_ARCH = YES;
				SWIFT_ACTIVE_COMPILATION_CONDITIONS = DEBUG;
				SWIFT_OPTIMIZATION_LEVEL = "-Onone";
			};
			name = Debug;
		};
		66745C5B284111C500D5651F /* Release */ = {
			isa = XCBuildConfiguration;
			buildSettings = {
				ALWAYS_SEARCH_USER_PATHS = NO;
				CLANG_ANALYZER_NONNULL = YES;
				CLANG_ANALYZER_NUMBER_OBJECT_CONVERSION = YES_AGGRESSIVE;
				CLANG_CXX_LANGUAGE_STANDARD = "gnu++17";
				CLANG_ENABLE_MODULES = YES;
				CLANG_ENABLE_OBJC_ARC = YES;
				CLANG_ENABLE_OBJC_WEAK = YES;
				CLANG_WARN_BLOCK_CAPTURE_AUTORELEASING = YES;
				CLANG_WARN_BOOL_CONVERSION = YES;
				CLANG_WARN_COMMA = YES;
				CLANG_WARN_CONSTANT_CONVERSION = YES;
				CLANG_WARN_DEPRECATED_OBJC_IMPLEMENTATIONS = YES;
				CLANG_WARN_DIRECT_OBJC_ISA_USAGE = YES_ERROR;
				CLANG_WARN_DOCUMENTATION_COMMENTS = YES;
				CLANG_WARN_EMPTY_BODY = YES;
				CLANG_WARN_ENUM_CONVERSION = YES;
				CLANG_WARN_INFINITE_RECURSION = YES;
				CLANG_WARN_INT_CONVERSION = YES;
				CLANG_WARN_NON_LITERAL_NULL_CONVERSION = YES;
				CLANG_WARN_OBJC_IMPLICIT_RETAIN_SELF = YES;
				CLANG_WARN_OBJC_LITERAL_CONVERSION = YES;
				CLANG_WARN_OBJC_ROOT_CLASS = YES_ERROR;
				CLANG_WARN_QUOTED_INCLUDE_IN_FRAMEWORK_HEADER = YES;
				CLANG_WARN_RANGE_LOOP_ANALYSIS = YES;
				CLANG_WARN_STRICT_PROTOTYPES = YES;
				CLANG_WARN_SUSPICIOUS_MOVE = YES;
				CLANG_WARN_UNGUARDED_AVAILABILITY = YES_AGGRESSIVE;
				CLANG_WARN_UNREACHABLE_CODE = YES;
				CLANG_WARN__DUPLICATE_METHOD_MATCH = YES;
				COPY_PHASE_STRIP = NO;
				DEBUG_INFORMATION_FORMAT = "dwarf-with-dsym";
				ENABLE_NS_ASSERTIONS = NO;
				ENABLE_STRICT_OBJC_MSGSEND = YES;
				GCC_C_LANGUAGE_STANDARD = gnu11;
				GCC_NO_COMMON_BLOCKS = YES;
				GCC_WARN_64_TO_32_BIT_CONVERSION = YES;
				GCC_WARN_ABOUT_RETURN_TYPE = YES_ERROR;
				GCC_WARN_UNDECLARED_SELECTOR = YES;
				GCC_WARN_UNINITIALIZED_AUTOS = YES_AGGRESSIVE;
				GCC_WARN_UNUSED_FUNCTION = YES;
				GCC_WARN_UNUSED_VARIABLE = YES;
				MTL_ENABLE_DEBUG_INFO = NO;
				MTL_FAST_MATH = YES;
				SWIFT_COMPILATION_MODE = wholemodule;
				SWIFT_OPTIMIZATION_LEVEL = "-O";
			};
			name = Release;
		};
		66745C5D284111C500D5651F /* Debug */ = {
			isa = XCBuildConfiguration;
			buildSettings = {
				ASSETCATALOG_COMPILER_APPICON_NAME = AppIcon;
				ASSETCATALOG_COMPILER_GLOBAL_ACCENT_COLOR_NAME = AccentColor;
				CODE_SIGN_STYLE = Automatic;
				CURRENT_PROJECT_VERSION = 1;
				ENABLE_PREVIEWS = YES;
				GENERATE_INFOPLIST_FILE = YES;
				INFOPLIST_KEY_UIApplicationSceneManifest_Generation = YES;
				INFOPLIST_KEY_UIApplicationSupportsIndirectInputEvents = YES;
				INFOPLIST_KEY_UILaunchScreen_Generation = YES;
				INFOPLIST_KEY_UISupportedInterfaceOrientations_iPad = "UIInterfaceOrientationPortrait UIInterfaceOrientationPortraitUpsideDown UIInterfaceOrientationLandscapeLeft UIInterfaceOrientationLandscapeRight";
				INFOPLIST_KEY_UISupportedInterfaceOrientations_iPhone = "UIInterfaceOrientationPortrait UIInterfaceOrientationLandscapeLeft UIInterfaceOrientationLandscapeRight";
				IPHONEOS_DEPLOYMENT_TARGET = 15.5;
				LD_RUNPATH_SEARCH_PATHS = (
					"$(inherited)",
					"@executable_path/Frameworks",
				);
				MARKETING_VERSION = 1.0;
				PRODUCT_BUNDLE_IDENTIFIER = Terminix.CustomNavigation;
				PRODUCT_NAME = CustomNavigation;
				SDKROOT = iphoneos;
				SWIFT_EMIT_LOC_STRINGS = YES;
				SWIFT_VERSION = 5.0;
				TARGETED_DEVICE_FAMILY = "1,2";
			};
			name = Debug;
		};
		66745C5E284111C500D5651F /* Release */ = {
			isa = XCBuildConfiguration;
			buildSettings = {
				ASSETCATALOG_COMPILER_APPICON_NAME = AppIcon;
				ASSETCATALOG_COMPILER_GLOBAL_ACCENT_COLOR_NAME = AccentColor;
				CODE_SIGN_STYLE = Automatic;
				CURRENT_PROJECT_VERSION = 1;
				ENABLE_PREVIEWS = YES;
				GENERATE_INFOPLIST_FILE = YES;
				INFOPLIST_KEY_UIApplicationSceneManifest_Generation = YES;
				INFOPLIST_KEY_UIApplicationSupportsIndirectInputEvents = YES;
				INFOPLIST_KEY_UILaunchScreen_Generation = YES;
				INFOPLIST_KEY_UISupportedInterfaceOrientations_iPad = "UIInterfaceOrientationPortrait UIInterfaceOrientationPortraitUpsideDown UIInterfaceOrientationLandscapeLeft UIInterfaceOrientationLandscapeRight";
				INFOPLIST_KEY_UISupportedInterfaceOrientations_iPhone = "UIInterfaceOrientationPortrait UIInterfaceOrientationLandscapeLeft UIInterfaceOrientationLandscapeRight";
				IPHONEOS_DEPLOYMENT_TARGET = 15.5;
				LD_RUNPATH_SEARCH_PATHS = (
					"$(inherited)",
					"@executable_path/Frameworks",
				);
				MARKETING_VERSION = 1.0;
				PRODUCT_BUNDLE_IDENTIFIER = Terminix.CustomNavigation;
				PRODUCT_NAME = CustomNavigation;
				SDKROOT = iphoneos;
				SWIFT_EMIT_LOC_STRINGS = YES;
				SWIFT_VERSION = 5.0;
				TARGETED_DEVICE_FAMILY = "1,2";
				VALIDATE_PRODUCT = YES;
			};
			name = Release;
		};
		66745C60284111C500D5651F /* Debug */ = {
			isa = XCBuildConfiguration;
			buildSettings = {
				ASSETCATALOG_COMPILER_APPICON_NAME = AppIcon;
				ASSETCATALOG_COMPILER_GLOBAL_ACCENT_COLOR_NAME = AccentColor;
				CODE_SIGN_ENTITLEMENTS = macOS/macOS.entitlements;
				CODE_SIGN_STYLE = Automatic;
				COMBINE_HIDPI_IMAGES = YES;
				CURRENT_PROJECT_VERSION = 1;
				ENABLE_PREVIEWS = YES;
				GENERATE_INFOPLIST_FILE = YES;
				INFOPLIST_KEY_NSHumanReadableCopyright = "";
				LD_RUNPATH_SEARCH_PATHS = (
					"$(inherited)",
					"@executable_path/../Frameworks",
				);
				MACOSX_DEPLOYMENT_TARGET = 12.3;
				MARKETING_VERSION = 1.0;
				PRODUCT_BUNDLE_IDENTIFIER = Terminix.CustomNavigation;
				PRODUCT_NAME = CustomNavigation;
				SDKROOT = macosx;
				SWIFT_EMIT_LOC_STRINGS = YES;
				SWIFT_VERSION = 5.0;
			};
			name = Debug;
		};
		66745C61284111C500D5651F /* Release */ = {
			isa = XCBuildConfiguration;
			buildSettings = {
				ASSETCATALOG_COMPILER_APPICON_NAME = AppIcon;
				ASSETCATALOG_COMPILER_GLOBAL_ACCENT_COLOR_NAME = AccentColor;
				CODE_SIGN_ENTITLEMENTS = macOS/macOS.entitlements;
				CODE_SIGN_STYLE = Automatic;
				COMBINE_HIDPI_IMAGES = YES;
				CURRENT_PROJECT_VERSION = 1;
				ENABLE_PREVIEWS = YES;
				GENERATE_INFOPLIST_FILE = YES;
				INFOPLIST_KEY_NSHumanReadableCopyright = "";
				LD_RUNPATH_SEARCH_PATHS = (
					"$(inherited)",
					"@executable_path/../Frameworks",
				);
				MACOSX_DEPLOYMENT_TARGET = 12.3;
				MARKETING_VERSION = 1.0;
				PRODUCT_BUNDLE_IDENTIFIER = Terminix.CustomNavigation;
				PRODUCT_NAME = CustomNavigation;
				SDKROOT = macosx;
				SWIFT_EMIT_LOC_STRINGS = YES;
				SWIFT_VERSION = 5.0;
			};
			name = Release;
		};
/* End XCBuildConfiguration section */

/* Begin XCConfigurationList section */
		66745C42284111C300D5651F /* Build configuration list for PBXProject "CustomNavigation" */ = {
			isa = XCConfigurationList;
			buildConfigurations = (
				66745C5A284111C500D5651F /* Debug */,
				66745C5B284111C500D5651F /* Release */,
			);
			defaultConfigurationIsVisible = 0;
			defaultConfigurationName = Release;
		};
		66745C5C284111C500D5651F /* Build configuration list for PBXNativeTarget "CustomNavigation (iOS)" */ = {
			isa = XCConfigurationList;
			buildConfigurations = (
				66745C5D284111C500D5651F /* Debug */,
				66745C5E284111C500D5651F /* Release */,
			);
			defaultConfigurationIsVisible = 0;
			defaultConfigurationName = Release;
		};
		66745C5F284111C500D5651F /* Build configuration list for PBXNativeTarget "CustomNavigation (macOS)" */ = {
			isa = XCConfigurationList;
			buildConfigurations = (
				66745C60284111C500D5651F /* Debug */,
				66745C61284111C500D5651F /* Release */,
			);
			defaultConfigurationIsVisible = 0;
			defaultConfigurationName = Release;
		};
/* End XCConfigurationList section */
	};
	rootObject = 66745C3F284111C300D5651F /* Project object */;
}
